<Solution>
  <Folder Name="/Solution Items/">
    <File Path="compose.yaml" />
  </Folder>
  <Folder Name="/src/" />
  <Folder Name="/src/BuildingBlocks/">
    <Project Path="src/BuildingBlocks/Social.Contracts/Social.Contracts.csproj" />
    <Project Path="src/BuildingBlocks/Social.Shared/Social.Shared.csproj" />
  </Folder>
  <Folder Name="/src/Gateway/">
    <Project Path="src/Gateway/Social.Gateway/Social.Gateway.csproj" />
  </Folder>
  <Folder Name="/src/Services/" />
  <Folder Name="/src/Services/Comments/">
    <Project Path="src/Services/Comments/Social.Comments/Social.Comments.csproj" />
  </Folder>
  <Folder Name="/src/Services/Communities/">
    <Project Path="src/Services/Communities/Social.Communities/Social.Communities.csproj" />
  </Folder>
  <Folder Name="/src/Services/Email/">
    <Project Path="src/Services/Email/Social.EmailWorker/Social.EmailWorker.csproj" />
  </Folder>
  <Folder Name="/src/Services/Identity/">
    <Project Path="src/Services/Identity/Social.Identity/Social.Identity.csproj" />
  </Folder>
  <Folder Name="/src/Services/Media/">
    <Project Path="src/Services/Media/Social.Media/Social.Media.csproj" />
  </Folder>
  <Folder Name="/src/Services/Posts/">
    <Project Path="src/Services/Posts/Social.Posts/Social.Posts.csproj" />
  </Folder>
  <Folder Name="/src/Services/Users/">
    <Project Path="src/Services/Users/Social.Users/Social.Users.csproj" />
  </Folder>
</Solution>
